// !$*UTF8*$!
{ "archiveVersion" = "1"; "classes" = {  }; "objectVersion" = "77"; "objects" = { "C27E4B6BEEEBEE564F55E421" = { "isa" = "XCLocalSwiftPackageReference"; "relativePath" = "."; }; "3D104B55AF240185411BCCFC" = { "isa" = "XCRemoteSwiftPackageReference"; "repositoryURL" = "https://github.com/CoreOffice/CoreXLSX.git"; "requirement" = { "kind" = "upToNextMinorVersion"; "minimumVersion" = "0.14.1"; }; }; "4F1254C462F817909F7EFF49" = { "isa" = "PBXFileSystemSynchronizedRootGroup"; "path" = "App"; "sourceTree" = "<group>"; "explicitFileTypes" = {  }; "explicitFolders" = (  ); }; "2356419817A83E5BFC497301" = { "isa" = "PBXFileSystemSynchronizedRootGroup"; "path" = "Widgets"; "sourceTree" = "<group>"; "explicitFileTypes" = {  }; "explicitFolders" = (  ); }; "7264DECDF8E4B8B20954FFEA" = { "isa" = "PBXFileSystemSynchronizedRootGroup"; "path" = "Shared/Activity"; "sourceTree" = "<group>"; "explicitFileTypes" = {  }; "explicitFolders" = (  ); }; "D3CB6DCC669EC70FC2D7D225" = { "isa" = "PBXFileSystemSynchronizedRootGroup"; "path" = "UITests"; "sourceTree" = "<group>"; "explicitFileTypes" = {  }; "explicitFolders" = (  ); }; "2E9D7A49C7B0FAB7FE18F974" = { "isa" = "PBXFileSystemSynchronizedRootGroup"; "path" = "Tests/AppTests"; "sourceTree" = "<group>"; "explicitFileTypes" = {  }; "explicitFolders" = (  ); }; "6DB39E6C27B9ABE9ECADE0E2" = { "isa" = "PBXFileReference"; "explicitFileType" = "wrapper.application"; "includeInIndex" = "0"; "path" = "CourseFlow.app"; "sourceTree" = "BUILT_PRODUCTS_DIR"; }; "1338F83D8B57091A6D76E31D" = { "isa" = "XCSwiftPackageProductDependency"; "package" = "C27E4B6BEEEBEE564F55E421"; "productName" = "CourseKit"; }; "E9CE98E2071598739452F058" = { "isa" = "PBXBuildFile"; "productRef" = "1338F83D8B57091A6D76E31D"; }; "C9C5011D6E98E276CD5D01E6" = { "isa" = "XCSwiftPackageProductDependency"; "package" = "3D104B55AF240185411BCCFC"; "productName" = "CoreXLSX"; }; "648B41391759D436CEAB3290" = { "isa" = "PBXBuildFile"; "productRef" = "C9C5011D6E98E276CD5D01E6"; }; "9D38DC9B724EEB479598161E" = { "isa" = "PBXSourcesBuildPhase"; "buildActionMask" = "2147483647"; "files" = (  ); "runOnlyForDeploymentPostprocessing" = "0"; }; "B672B736D850CD1F23350DAC" = { "isa" = "PBXFrameworksBuildPhase"; "buildActionMask" = "2147483647"; "files" = ( "E9CE98E2071598739452F058", "648B41391759D436CEAB3290", ); "runOnlyForDeploymentPostprocessing" = "0"; }; "98AC0E435E62503468657942" = { "isa" = "PBXResourcesBuildPhase"; "buildActionMask" = "2147483647"; "files" = (  ); "runOnlyForDeploymentPostprocessing" = "0"; }; "C6893110A8FF934B7A34276D" = { "isa" = "XCBuildConfiguration"; "buildSettings" = { "PRODUCT_NAME" = "$(TARGET_NAME)"; "PRODUCT_BUNDLE_IDENTIFIER" = "com.courseflow.app"; "SWIFT_VERSION" = "6.0"; "IPHONEOS_DEPLOYMENT_TARGET" = "26.0"; "TARGETED_DEVICE_FAMILY" = "1,2"; "CODE_SIGN_STYLE" = "Automatic"; "SDKROOT" = "iphoneos"; "SUPPORTED_PLATFORMS" = "iphoneos iphonesimulator"; "SWIFT_EMIT_LOC_STRINGS" = "YES"; "LD_RUNPATH_SEARCH_PATHS" = ( "$(inherited)", "@executable_path/Frameworks", ); "GENERATE_INFOPLIST_FILE" = "NO"; "INFOPLIST_FILE" = "Config/App-Info.plist"; "CODE_SIGN_ENTITLEMENTS" = "Config/CourseFlow.entitlements"; "ASSETCATALOG_COMPILER_APPICON_NAME" = "AppIcon"; "ASSETCATALOG_COMPILER_GLOBAL_ACCENT_COLOR_NAME" = "AccentColor"; "APS_ENVIRONMENT" = "development"; "SWIFT_OPTIMIZATION_LEVEL" = "-Onone"; "SWIFT_ACTIVE_COMPILATION_CONDITIONS" = "DEBUG $(inherited)"; "ONLY_ACTIVE_ARCH" = "YES"; }; "name" = "Debug"; }; "BD82CF7D831F1C40A0271832" = { "isa" = "XCBuildConfiguration"; "buildSettings" = { "PRODUCT_NAME" = "$(TARGET_NAME)"; "PRODUCT_BUNDLE_IDENTIFIER" = "com.courseflow.app"; "SWIFT_VERSION" = "6.0"; "IPHONEOS_DEPLOYMENT_TARGET" = "26.0"; "TARGETED_DEVICE_FAMILY" = "1,2"; "CODE_SIGN_STYLE" = "Automatic"; "SDKROOT" = "iphoneos"; "SUPPORTED_PLATFORMS" = "iphoneos iphonesimulator"; "SWIFT_EMIT_LOC_STRINGS" = "YES"; "LD_RUNPATH_SEARCH_PATHS" = ( "$(inherited)", "@executable_path/Frameworks", ); "GENERATE_INFOPLIST_FILE" = "NO"; "INFOPLIST_FILE" = "Config/App-Info.plist"; "CODE_SIGN_ENTITLEMENTS" = "Config/CourseFlow.entitlements"; "ASSETCATALOG_COMPILER_APPICON_NAME" = "AppIcon"; "ASSETCATALOG_COMPILER_GLOBAL_ACCENT_COLOR_NAME" = "AccentColor"; "APS_ENVIRONMENT" = "production"; }; "name" = "Release"; }; "9A8297D86590E84DB41A6AC8" = { "isa" = "XCConfigurationList"; "buildConfigurations" = ( "C6893110A8FF934B7A34276D", "BD82CF7D831F1C40A0271832", ); "defaultConfigurationIsVisible" = "0"; "defaultConfigurationName" = "Release"; }; "F7A54255C7B8089E7713BCE9" = { "isa" = "PBXNativeTarget"; "buildConfigurationList" = "9A8297D86590E84DB41A6AC8"; "buildPhases" = ( "9D38DC9B724EEB479598161E", "B672B736D850CD1F23350DAC", "98AC0E435E62503468657942", "37E8022B7B99C3249E08AE16", ); "buildRules" = (  ); "dependencies" = ( "2FB32516A54A4E8721B5EDC9", ); "fileSystemSynchronizedGroups" = ( "4F1254C462F817909F7EFF49", "7264DECDF8E4B8B20954FFEA", ); "name" = "CourseFlow"; "packageProductDependencies" = ( "1338F83D8B57091A6D76E31D", "C9C5011D6E98E276CD5D01E6", ); "productName" = "CourseFlow"; "productReference" = "6DB39E6C27B9ABE9ECADE0E2"; "productType" = "com.apple.product-type.application"; }; "DCF4DAE69ED606A5AC4D2B4F" = { "isa" = "PBXFileReference"; "explicitFileType" = "wrapper.application"; "includeInIndex" = "0"; "path" = "CourseFlowTrial.app"; "sourceTree" = "BUILT_PRODUCTS_DIR"; }; "D6FC1B042CB7F0F0016F9671" = { "isa" = "XCSwiftPackageProductDependency"; "package" = "C27E4B6BEEEBEE564F55E421"; "productName" = "CourseKit"; }; "86FD978D3B9ED3087479C100" = { "isa" = "PBXBuildFile"; "productRef" = "D6FC1B042CB7F0F0016F9671"; }; "9A63F3A68CA7573114D19745" = { "isa" = "XCSwiftPackageProductDependency"; "package" = "3D104B55AF240185411BCCFC"; "productName" = "CoreXLSX"; }; "62B8CE3D7995FE621D2C01E8" = { "isa" = "PBXBuildFile"; "productRef" = "9A63F3A68CA7573114D19745"; }; "F7168340DC21990309A5BCA9" = { "isa" = "PBXSourcesBuildPhase"; "buildActionMask" = "2147483647"; "files" = (  ); "runOnlyForDeploymentPostprocessing" = "0"; }; "F0831469BE674B63569DC2F5" = { "isa" = "PBXFrameworksBuildPhase"; "buildActionMask" = "2147483647"; "files" = ( "86FD978D3B9ED3087479C100", "62B8CE3D7995FE621D2C01E8", ); "runOnlyForDeploymentPostprocessing" = "0"; }; "7D67163E720F19CDCF5FCE8F" = { "isa" = "PBXResourcesBuildPhase"; "buildActionMask" = "2147483647"; "files" = (  ); "runOnlyForDeploymentPostprocessing" = "0"; }; "CDC01DEA3E8D9D1AE6E4695D" = { "isa" = "XCBuildConfiguration"; "buildSettings" = { "PRODUCT_NAME" = "$(TARGET_NAME)"; "PRODUCT_BUNDLE_IDENTIFIER" = "com.courseflow.app.trial"; "SWIFT_VERSION" = "6.0"; "IPHONEOS_DEPLOYMENT_TARGET" = "26.0"; "TARGETED_DEVICE_FAMILY" = "1,2"; "CODE_SIGN_STYLE" = "Automatic"; "SDKROOT" = "iphoneos"; "SUPPORTED_PLATFORMS" = "iphoneos iphonesimulator"; "SWIFT_EMIT_LOC_STRINGS" = "YES"; "LD_RUNPATH_SEARCH_PATHS" = ( "$(inherited)", "@executable_path/Frameworks", ); "GENERATE_INFOPLIST_FILE" = "NO"; "INFOPLIST_FILE" = "Config/Trial-Info.plist"; "CODE_SIGN_ENTITLEMENTS" = "Config/CourseFlowTrial.entitlements"; "ASSETCATALOG_COMPILER_APPICON_NAME" = "AppIcon"; "ASSETCATALOG_COMPILER_GLOBAL_ACCENT_COLOR_NAME" = "AccentColor"; "COURSEFLOW_ICLOUD_ENABLED" = "NO"; "SWIFT_OPTIMIZATION_LEVEL" = "-Onone"; "SWIFT_ACTIVE_COMPILATION_CONDITIONS" = "DEBUG $(inherited)"; "ONLY_ACTIVE_ARCH" = "YES"; }; "name" = "Debug"; }; "9020014708F5F9701E7D9925" = { "isa" = "XCBuildConfiguration"; "buildSettings" = { "PRODUCT_NAME" = "$(TARGET_NAME)"; "PRODUCT_BUNDLE_IDENTIFIER" = "com.courseflow.app.trial"; "SWIFT_VERSION" = "6.0"; "IPHONEOS_DEPLOYMENT_TARGET" = "26.0"; "TARGETED_DEVICE_FAMILY" = "1,2"; "CODE_SIGN_STYLE" = "Automatic"; "SDKROOT" = "iphoneos"; "SUPPORTED_PLATFORMS" = "iphoneos iphonesimulator"; "SWIFT_EMIT_LOC_STRINGS" = "YES"; "LD_RUNPATH_SEARCH_PATHS" = ( "$(inherited)", "@executable_path/Frameworks", ); "GENERATE_INFOPLIST_FILE" = "NO"; "INFOPLIST_FILE" = "Config/Trial-Info.plist"; "CODE_SIGN_ENTITLEMENTS" = "Config/CourseFlowTrial.entitlements"; "ASSETCATALOG_COMPILER_APPICON_NAME" = "AppIcon"; "ASSETCATALOG_COMPILER_GLOBAL_ACCENT_COLOR_NAME" = "AccentColor"; "COURSEFLOW_ICLOUD_ENABLED" = "NO"; }; "name" = "Release"; }; "80A3D4299F43D994C40560BC" = { "isa" = "XCConfigurationList"; "buildConfigurations" = ( "CDC01DEA3E8D9D1AE6E4695D", "9020014708F5F9701E7D9925", ); "defaultConfigurationIsVisible" = "0"; "defaultConfigurationName" = "Release"; }; "9D819510A6CCECBD42963186" = { "isa" = "PBXNativeTarget"; "buildConfigurationList" = "80A3D4299F43D994C40560BC"; "buildPhases" = ( "F7168340DC21990309A5BCA9", "F0831469BE674B63569DC2F5", "7D67163E720F19CDCF5FCE8F", ); "buildRules" = (  ); "dependencies" = (  ); "fileSystemSynchronizedGroups" = ( "4F1254C462F817909F7EFF49", "7264DECDF8E4B8B20954FFEA", ); "name" = "CourseFlowTrial"; "packageProductDependencies" = ( "D6FC1B042CB7F0F0016F9671", "9A63F3A68CA7573114D19745", ); "productName" = "CourseFlowTrial"; "productReference" = "DCF4DAE69ED606A5AC4D2B4F"; "productType" = "com.apple.product-type.application"; }; "F1CD269BF766ED9F958426E7" = { "isa" = "PBXFileReference"; "explicitFileType" = "wrapper.app-extension"; "includeInIndex" = "0"; "path" = "CourseWidgets.appex"; "sourceTree" = "BUILT_PRODUCTS_DIR"; }; "766CBFABAF735D69E0D44DB9" = { "isa" = "XCSwiftPackageProductDependency"; "package" = "C27E4B6BEEEBEE564F55E421"; "productName" = "CourseKit"; }; "6341E33323180B90ADAD7FBB" = { "isa" = "PBXBuildFile"; "productRef" = "766CBFABAF735D69E0D44DB9"; }; "13C9725E2CADB3DC14351CB9" = { "isa" = "PBXSourcesBuildPhase"; "buildActionMask" = "2147483647"; "files" = (  ); "runOnlyForDeploymentPostprocessing" = "0"; }; "C42F4B3482D02D88269C9ED0" = { "isa" = "PBXFrameworksBuildPhase"; "buildActionMask" = "2147483647"; "files" = ( "6341E33323180B90ADAD7FBB", ); "runOnlyForDeploymentPostprocessing" = "0"; }; "57163E9A93D545A46F203A9E" = { "isa" = "PBXResourcesBuildPhase"; "buildActionMask" = "2147483647"; "files" = (  ); "runOnlyForDeploymentPostprocessing" = "0"; }; "918C5B837B0E16C4D265109D" = { "isa" = "XCBuildConfiguration"; "buildSettings" = { "PRODUCT_NAME" = "$(TARGET_NAME)"; "PRODUCT_BUNDLE_IDENTIFIER" = "com.courseflow.app.widgets"; "SWIFT_VERSION" = "6.0"; "IPHONEOS_DEPLOYMENT_TARGET" = "26.0"; "TARGETED_DEVICE_FAMILY" = "1,2"; "CODE_SIGN_STYLE" = "Automatic"; "SDKROOT" = "iphoneos"; "SUPPORTED_PLATFORMS" = "iphoneos iphonesimulator"; "SWIFT_EMIT_LOC_STRINGS" = "YES"; "LD_RUNPATH_SEARCH_PATHS" = ( "$(inherited)", "@executable_path/Frameworks", "@executable_path/../../Frameworks", ); "GENERATE_INFOPLIST_FILE" = "NO"; "INFOPLIST_FILE" = "Config/Widgets-Info.plist"; "CODE_SIGN_ENTITLEMENTS" = "Config/CourseWidgets.entitlements"; "APPLICATION_EXTENSION_API_ONLY" = "YES"; "SKIP_INSTALL" = "YES"; "SWIFT_OPTIMIZATION_LEVEL" = "-Onone"; "SWIFT_ACTIVE_COMPILATION_CONDITIONS" = "DEBUG $(inherited)"; "ONLY_ACTIVE_ARCH" = "YES"; }; "name" = "Debug"; }; "0FF105960C84F03DD73B6601" = { "isa" = "XCBuildConfiguration"; "buildSettings" = { "PRODUCT_NAME" = "$(TARGET_NAME)"; "PRODUCT_BUNDLE_IDENTIFIER" = "com.courseflow.app.widgets"; "SWIFT_VERSION" = "6.0"; "IPHONEOS_DEPLOYMENT_TARGET" = "26.0"; "TARGETED_DEVICE_FAMILY" = "1,2"; "CODE_SIGN_STYLE" = "Automatic"; "SDKROOT" = "iphoneos"; "SUPPORTED_PLATFORMS" = "iphoneos iphonesimulator"; "SWIFT_EMIT_LOC_STRINGS" = "YES"; "LD_RUNPATH_SEARCH_PATHS" = ( "$(inherited)", "@executable_path/Frameworks", "@executable_path/../../Frameworks", ); "GENERATE_INFOPLIST_FILE" = "NO"; "INFOPLIST_FILE" = "Config/Widgets-Info.plist"; "CODE_SIGN_ENTITLEMENTS" = "Config/CourseWidgets.entitlements"; "APPLICATION_EXTENSION_API_ONLY" = "YES"; "SKIP_INSTALL" = "YES"; }; "name" = "Release"; }; "1D439EF3F294852514CB23A8" = { "isa" = "XCConfigurationList"; "buildConfigurations" = ( "918C5B837B0E16C4D265109D", "0FF105960C84F03DD73B6601", ); "defaultConfigurationIsVisible" = "0"; "defaultConfigurationName" = "Release"; }; "DCE8717C894680C5F3345ECC" = { "isa" = "PBXNativeTarget"; "buildConfigurationList" = "1D439EF3F294852514CB23A8"; "buildPhases" = ( "13C9725E2CADB3DC14351CB9", "C42F4B3482D02D88269C9ED0", "57163E9A93D545A46F203A9E", ); "buildRules" = (  ); "dependencies" = (  ); "fileSystemSynchronizedGroups" = ( "2356419817A83E5BFC497301", "7264DECDF8E4B8B20954FFEA", ); "name" = "CourseWidgets"; "packageProductDependencies" = ( "766CBFABAF735D69E0D44DB9", ); "productName" = "CourseWidgets"; "productReference" = "F1CD269BF766ED9F958426E7"; "productType" = "com.apple.product-type.app-extension"; }; "C1BA9457E81FCFDFB28676E3" = { "isa" = "PBXFileReference"; "explicitFileType" = "wrapper.cfbundle"; "includeInIndex" = "0"; "path" = "CourseFlowUITests.xctest"; "sourceTree" = "BUILT_PRODUCTS_DIR"; }; "64582D93FBE53644FAB09123" = { "isa" = "PBXSourcesBuildPhase"; "buildActionMask" = "2147483647"; "files" = (  ); "runOnlyForDeploymentPostprocessing" = "0"; }; "EEB02196095E7D9B0383703F" = { "isa" = "PBXFrameworksBuildPhase"; "buildActionMask" = "2147483647"; "files" = (  ); "runOnlyForDeploymentPostprocessing" = "0"; }; "79961DDFF0863655A2368C17" = { "isa" = "PBXResourcesBuildPhase"; "buildActionMask" = "2147483647"; "files" = (  ); "runOnlyForDeploymentPostprocessing" = "0"; }; "FBFED1E2A78B1578C9058D56" = { "isa" = "XCBuildConfiguration"; "buildSettings" = { "PRODUCT_NAME" = "$(TARGET_NAME)"; "PRODUCT_BUNDLE_IDENTIFIER" = "com.courseflow.app.uitests"; "SWIFT_VERSION" = "6.0"; "IPHONEOS_DEPLOYMENT_TARGET" = "26.0"; "TARGETED_DEVICE_FAMILY" = "1,2"; "CODE_SIGN_STYLE" = "Automatic"; "SDKROOT" = "iphoneos"; "SUPPORTED_PLATFORMS" = "iphoneos iphonesimulator"; "SWIFT_EMIT_LOC_STRINGS" = "YES"; "LD_RUNPATH_SEARCH_PATHS" = ( "$(inherited)", "@executable_path/Frameworks", ); "GENERATE_INFOPLIST_FILE" = "YES"; "TEST_TARGET_NAME" = "CourseFlow"; "SWIFT_OPTIMIZATION_LEVEL" = "-Onone"; "SWIFT_ACTIVE_COMPILATION_CONDITIONS" = "DEBUG $(inherited)"; "ONLY_ACTIVE_ARCH" = "YES"; }; "name" = "Debug"; }; "9CA17FC5CABAE945C7406402" = { "isa" = "XCBuildConfiguration"; "buildSettings" = { "PRODUCT_NAME" = "$(TARGET_NAME)"; "PRODUCT_BUNDLE_IDENTIFIER" = "com.courseflow.app.uitests"; "SWIFT_VERSION" = "6.0"; "IPHONEOS_DEPLOYMENT_TARGET" = "26.0"; "TARGETED_DEVICE_FAMILY" = "1,2"; "CODE_SIGN_STYLE" = "Automatic"; "SDKROOT" = "iphoneos"; "SUPPORTED_PLATFORMS" = "iphoneos iphonesimulator"; "SWIFT_EMIT_LOC_STRINGS" = "YES"; "LD_RUNPATH_SEARCH_PATHS" = ( "$(inherited)", "@executable_path/Frameworks", ); "GENERATE_INFOPLIST_FILE" = "YES"; "TEST_TARGET_NAME" = "CourseFlow"; }; "name" = "Release"; }; "8B14B2A4893E0BF36D636191" = { "isa" = "XCConfigurationList"; "buildConfigurations" = ( "FBFED1E2A78B1578C9058D56", "9CA17FC5CABAE945C7406402", ); "defaultConfigurationIsVisible" = "0"; "defaultConfigurationName" = "Release"; }; "43DD7669C577AD2A3A55CB4F" = { "isa" = "PBXNativeTarget"; "buildConfigurationList" = "8B14B2A4893E0BF36D636191"; "buildPhases" = ( "64582D93FBE53644FAB09123", "EEB02196095E7D9B0383703F", "79961DDFF0863655A2368C17", ); "buildRules" = (  ); "dependencies" = ( "C58B1D22E6B06406536A4294", ); "fileSystemSynchronizedGroups" = ( "D3CB6DCC669EC70FC2D7D225", ); "name" = "CourseFlowUITests"; "packageProductDependencies" = (  ); "productName" = "CourseFlowUITests"; "productReference" = "C1BA9457E81FCFDFB28676E3"; "productType" = "com.apple.product-type.bundle.ui-testing"; }; "7FFE712CC48C1995AA785833" = { "isa" = "PBXFileReference"; "explicitFileType" = "wrapper.cfbundle"; "includeInIndex" = "0"; "path" = "CourseFlowTests.xctest"; "sourceTree" = "BUILT_PRODUCTS_DIR"; }; "FEDC15FE3DA06C98CE8A334D" = { "isa" = "XCSwiftPackageProductDependency"; "package" = "C27E4B6BEEEBEE564F55E421"; "productName" = "CourseKit"; }; "A59AB38246B4B24FBE03CA8A" = { "isa" = "PBXBuildFile"; "productRef" = "FEDC15FE3DA06C98CE8A334D"; }; "4C1E9DC1F74C146739A7C049" = { "isa" = "PBXSourcesBuildPhase"; "buildActionMask" = "2147483647"; "files" = (  ); "runOnlyForDeploymentPostprocessing" = "0"; }; "04493D7E89791158760EA88F" = { "isa" = "PBXFrameworksBuildPhase"; "buildActionMask" = "2147483647"; "files" = ( "A59AB38246B4B24FBE03CA8A", ); "runOnlyForDeploymentPostprocessing" = "0"; }; "66AB1B55547931A097A522E6" = { "isa" = "PBXResourcesBuildPhase"; "buildActionMask" = "2147483647"; "files" = (  ); "runOnlyForDeploymentPostprocessing" = "0"; }; "EAE98E8E58F3EFA3226CCAF0" = { "isa" = "XCBuildConfiguration"; "buildSettings" = { "PRODUCT_NAME" = "$(TARGET_NAME)"; "PRODUCT_BUNDLE_IDENTIFIER" = "com.courseflow.app.tests"; "SWIFT_VERSION" = "6.0"; "IPHONEOS_DEPLOYMENT_TARGET" = "26.0"; "TARGETED_DEVICE_FAMILY" = "1,2"; "CODE_SIGN_STYLE" = "Automatic"; "SDKROOT" = "iphoneos"; "SUPPORTED_PLATFORMS" = "iphoneos iphonesimulator"; "SWIFT_EMIT_LOC_STRINGS" = "YES"; "LD_RUNPATH_SEARCH_PATHS" = ( "$(inherited)", "@executable_path/Frameworks", ); "GENERATE_INFOPLIST_FILE" = "YES"; "TEST_HOST" = "$(BUILT_PRODUCTS_DIR)/CourseFlow.app/$(BUNDLE_EXECUTABLE_FOLDER_PATH)/CourseFlow"; "BUNDLE_LOADER" = "$(TEST_HOST)"; "SWIFT_OPTIMIZATION_LEVEL" = "-Onone"; "SWIFT_ACTIVE_COMPILATION_CONDITIONS" = "DEBUG $(inherited)"; "ONLY_ACTIVE_ARCH" = "YES"; }; "name" = "Debug"; }; "4CEDC0259D7FFAF25B672574" = { "isa" = "XCBuildConfiguration"; "buildSettings" = { "PRODUCT_NAME" = "$(TARGET_NAME)"; "PRODUCT_BUNDLE_IDENTIFIER" = "com.courseflow.app.tests"; "SWIFT_VERSION" = "6.0"; "IPHONEOS_DEPLOYMENT_TARGET" = "26.0"; "TARGETED_DEVICE_FAMILY" = "1,2"; "CODE_SIGN_STYLE" = "Automatic"; "SDKROOT" = "iphoneos"; "SUPPORTED_PLATFORMS" = "iphoneos iphonesimulator"; "SWIFT_EMIT_LOC_STRINGS" = "YES"; "LD_RUNPATH_SEARCH_PATHS" = ( "$(inherited)", "@executable_path/Frameworks", ); "GENERATE_INFOPLIST_FILE" = "YES"; "TEST_HOST" = "$(BUILT_PRODUCTS_DIR)/CourseFlow.app/$(BUNDLE_EXECUTABLE_FOLDER_PATH)/CourseFlow"; "BUNDLE_LOADER" = "$(TEST_HOST)"; }; "name" = "Release"; }; "C6B21F664F9629D0E7F01EC0" = { "isa" = "XCConfigurationList"; "buildConfigurations" = ( "EAE98E8E58F3EFA3226CCAF0", "4CEDC0259D7FFAF25B672574", ); "defaultConfigurationIsVisible" = "0"; "defaultConfigurationName" = "Release"; }; "1406EF93914B680178BA36BA" = { "isa" = "PBXNativeTarget"; "buildConfigurationList" = "C6B21F664F9629D0E7F01EC0"; "buildPhases" = ( "4C1E9DC1F74C146739A7C049", "04493D7E89791158760EA88F", "66AB1B55547931A097A522E6", ); "buildRules" = (  ); "dependencies" = ( "6E5AA6A27EF03C6A3F8645BA", ); "fileSystemSynchronizedGroups" = ( "2E9D7A49C7B0FAB7FE18F974", ); "name" = "CourseFlowTests"; "packageProductDependencies" = ( "FEDC15FE3DA06C98CE8A334D", ); "productName" = "CourseFlowTests"; "productReference" = "7FFE712CC48C1995AA785833"; "productType" = "com.apple.product-type.bundle.unit-test"; }; "35F071278DC4B2532225B943" = { "isa" = "PBXContainerItemProxy"; "containerPortal" = "98F54143AB4E86B28C3AFEE0"; "proxyType" = "1"; "remoteGlobalIDString" = "DCE8717C894680C5F3345ECC"; "remoteInfo" = "CourseWidgets"; }; "2FB32516A54A4E8721B5EDC9" = { "isa" = "PBXTargetDependency"; "target" = "DCE8717C894680C5F3345ECC"; "targetProxy" = "35F071278DC4B2532225B943"; }; "0E474C5ACBB96D1397EB0BC5" = { "isa" = "PBXBuildFile"; "fileRef" = "F1CD269BF766ED9F958426E7"; "settings" = { "ATTRIBUTES" = ( "RemoveHeadersOnCopy", ); }; }; "37E8022B7B99C3249E08AE16" = { "isa" = "PBXCopyFilesBuildPhase"; "buildActionMask" = "2147483647"; "dstPath" = ""; "dstSubfolderSpec" = "13"; "files" = ( "0E474C5ACBB96D1397EB0BC5", ); "name" = "Embed App Extensions"; "runOnlyForDeploymentPostprocessing" = "0"; }; "E9CA66683FF22D7B8CC65928" = { "isa" = "PBXContainerItemProxy"; "containerPortal" = "98F54143AB4E86B28C3AFEE0"; "proxyType" = "1"; "remoteGlobalIDString" = "F7A54255C7B8089E7713BCE9"; "remoteInfo" = "CourseFlow"; }; "C58B1D22E6B06406536A4294" = { "isa" = "PBXTargetDependency"; "target" = "F7A54255C7B8089E7713BCE9"; "targetProxy" = "E9CA66683FF22D7B8CC65928"; }; "6E5AA6A27EF03C6A3F8645BA" = { "isa" = "PBXTargetDependency"; "target" = "F7A54255C7B8089E7713BCE9"; "targetProxy" = "E9CA66683FF22D7B8CC65928"; }; "FBDC4F23F93125BBEEAE800C" = { "isa" = "PBXGroup"; "children" = ( "6DB39E6C27B9ABE9ECADE0E2", "DCF4DAE69ED606A5AC4D2B4F", "F1CD269BF766ED9F958426E7", "C1BA9457E81FCFDFB28676E3", "7FFE712CC48C1995AA785833", ); "name" = "Products"; "sourceTree" = "<group>"; }; "E50290A24C49A459B43487C5" = { "isa" = "PBXGroup"; "children" = ( "4F1254C462F817909F7EFF49", "2356419817A83E5BFC497301", "7264DECDF8E4B8B20954FFEA", "D3CB6DCC669EC70FC2D7D225", "2E9D7A49C7B0FAB7FE18F974", "FBDC4F23F93125BBEEAE800C", "5EC5C7020CABC4A99E04D1AB", ); "sourceTree" = "<group>"; }; "5EC5C7020CABC4A99E04D1AB" = { "isa" = "PBXFileReference"; "lastKnownFileType" = "text.xcconfig"; "path" = "Config/Project.xcconfig"; "sourceTree" = "<group>"; }; "89E1FD6268CC0F221A2BE178" = { "isa" = "XCBuildConfiguration"; "baseConfigurationReference" = "5EC5C7020CABC4A99E04D1AB"; "name" = "Debug"; "buildSettings" = { "CLANG_ENABLE_MODULES" = "YES"; "CLANG_ENABLE_OBJC_ARC" = "YES"; "ENABLE_USER_SCRIPT_SANDBOXING" = "YES"; "SWIFT_COMPILATION_MODE" = "singlefile"; "DEBUG_INFORMATION_FORMAT" = "dwarf"; "ENABLE_TESTABILITY" = "YES"; }; }; "E6DE6C99132752C914FEF632" = { "isa" = "XCBuildConfiguration"; "baseConfigurationReference" = "5EC5C7020CABC4A99E04D1AB"; "name" = "Release"; "buildSettings" = { "CLANG_ENABLE_MODULES" = "YES"; "CLANG_ENABLE_OBJC_ARC" = "YES"; "ENABLE_USER_SCRIPT_SANDBOXING" = "YES"; "SWIFT_COMPILATION_MODE" = "wholemodule"; "DEBUG_INFORMATION_FORMAT" = "dwarf-with-dsym"; "ENABLE_TESTABILITY" = "NO"; }; }; "862894B703A6DEDF96A9DD6C" = { "isa" = "XCConfigurationList"; "buildConfigurations" = ( "89E1FD6268CC0F221A2BE178", "E6DE6C99132752C914FEF632", ); "defaultConfigurationIsVisible" = "0"; "defaultConfigurationName" = "Release"; }; "98F54143AB4E86B28C3AFEE0" = { "isa" = "PBXProject"; "attributes" = { "BuildIndependentTargetsInParallel" = "YES"; "LastSwiftUpdateCheck" = "2700"; "LastUpgradeCheck" = "2700"; }; "buildConfigurationList" = "862894B703A6DEDF96A9DD6C"; "compatibilityVersion" = "Xcode 16.0"; "developmentRegion" = "zh-Hans"; "hasScannedForEncodings" = "0"; "knownRegions" = ( "zh-Hans", "en", "Base", ); "mainGroup" = "E50290A24C49A459B43487C5"; "preferredProjectObjectVersion" = "77"; "productRefGroup" = "FBDC4F23F93125BBEEAE800C"; "projectDirPath" = ""; "projectRoot" = ""; "packageReferences" = ( "C27E4B6BEEEBEE564F55E421", "3D104B55AF240185411BCCFC", ); "targets" = ( "F7A54255C7B8089E7713BCE9", "9D819510A6CCECBD42963186", "DCE8717C894680C5F3345ECC", "43DD7669C577AD2A3A55CB4F", "1406EF93914B680178BA36BA", ); }; }; "rootObject" = "98F54143AB4E86B28C3AFEE0"; }
